
Microsoft Visual Studio Solution File, Format Version 12.00
# Visual Studio 15
VisualStudioVersion = 15.0.28307.136
MinimumVisualStudioVersion = 10.0.40219.1
Project("{9A19103F-16F7-4668-BE54-9A1E7A4F7556}") = "Dados", "Dados\Dados.csproj", "{C98CB01F-BE52-4C65-879C-B5C361E8C7F5}"
EndProject
Project("{9A19103F-16F7-4668-BE54-9A1E7A4F7556}") = "Dados.Tests", "Dados.Tests\Dados.Tests.csproj", "{97D955F9-2492-49AC-826C-F72309B4EC29}"
EndProject
Global
	GlobalSection(SolutionConfigurationPlatforms) = preSolution
		Debug|Any CPU = Debug|Any CPU
		Release|Any CPU = Release|Any CPU
	EndGlobalSection
	GlobalSection(ProjectConfigurationPlatforms) = postSolution
		{C98CB01F-BE52-4C65-879C-B5C361E8C7F5}.Debug|Any CPU.ActiveCfg = Debug|Any CPU
		{C98CB01F-BE52-4C65-879C-B5C361E8C7F5}.Debug|Any CPU.Build.0 = Debug|Any CPU
		{C98CB01F-BE52-4C65-879C-B5C361E8C7F5}.Release|Any CPU.ActiveCfg = Release|Any CPU
		{C98CB01F-BE52-4C65-879C-B5C361E8C7F5}.Release|Any CPU.Build.0 = Release|Any CPU
		{97D955F9-2492-49AC-826C-F72309B4EC29}.Debug|Any CPU.ActiveCfg = Debug|Any CPU
		{97D955F9-2492-49AC-826C-F72309B4EC29}.Debug|Any CPU.Build.0 = Debug|Any CPU
		{97D955F9-2492-49AC-826C-F72309B4EC29}.Release|Any CPU.ActiveCfg = Release|Any CPU
		{97D955F9-2492-49AC-826C-F72309B4EC29}.Release|Any CPU.Build.0 = Release|Any CPU
	EndGlobalSection
	GlobalSection(SolutionProperties) = preSolution
		HideSolutionNode = FALSE
	EndGlobalSection
	GlobalSection(ExtensibilityGlobals) = postSolution
		SolutionGuid = {8EBCBBF0-8DDD-4FCF-8743-93FEA330207E}
	EndGlobalSection
EndGlobal
